// !$*UTF8*$!
{
	archiveVersion = 1;
	classes = {
	};
	objectVersion = 46;
	objects = {

/* Begin PBXBuildFile section */
		CFA50C391C89169300F39BF9 /* AppDelegate.swift in Sources */ = {isa = PBXBuildFile; fileRef = CFA50C381C89169300F39BF9 /* AppDelegate.swift */; };
		CFA50C3B1C89169300F39BF9 /* ViewController.swift in Sources */ = {isa = PBXBuildFile; fileRef = CFA50C3A1C89169300F39BF9 /* ViewController.swift */; };
		CFA50C3E1C89169300F39BF9 /* Main.storyboard in Resources */ = {isa = PBXBuildFile; fileRef = CFA50C3C1C89169300F39BF9 /* Main.storyboard */; };
		CFA50C401C89169300F39BF9 /* Assets.xcassets in Resources */ = {isa = PBXBuildFile; fileRef = CFA50C3F1C89169300F39BF9 /* Assets.xcassets */; };
		CFA50C431C89169300F39BF9 /* LaunchScreen.storyboard in Resources */ = {isa = PBXBuildFile; fileRef = CFA50C411C89169300F39BF9 /* LaunchScreen.storyboard */; };
		CFA50C4E1C89169300F39BF9 /* ProjectFishUITests.swift in Sources */ = {isa = PBXBuildFile; fileRef = CFA50C4D1C89169300F39BF9 /* ProjectFishUITests.swift */; };
/* End PBXBuildFile section */

/* Begin PBXContainerItemProxy section */
		CFA50C4A1C89169300F39BF9 /* PBXContainerItemProxy */ = {
			isa = PBXContainerItemProxy;
			containerPortal = CFA50C2D1C89169300F39BF9 /* Project object */;
			proxyType = 1;
			remoteGlobalIDString = CFA50C341C89169300F39BF9;
			remoteInfo = ProjectFish;
		};
/* End PBXContainerItemProxy section */

/* Begin PBXFileReference section */
		CFA50C351C89169300F39BF9 /* ProjectFish.app */ = {isa = PBXFileReference; explicitFileType = wrapper.application; includeInIndex = 0; path = ProjectFish.app; sourceTree = BUILT_PRODUCTS_DIR; };
		CFA50C381C89169300F39BF9 /* AppDelegate.swift */ = {isa = PBXFileReference; lastKnownFileType = sourcecode.swift; path = AppDelegate.swift; sourceTree = "<group>"; };
		CFA50C3A1C89169300F39BF9 /* ViewController.swift */ = {isa = PBXFileReference; lastKnownFileType = sourcecode.swift; path = ViewController.swift; sourceTree = "<group>"; };
		CFA50C3D1C89169300F39BF9 /* Base */ = {isa = PBXFileReference; lastKnownFileType = file.storyboard; name = Base; path = Base.lproj/Main.storyboard; sourceTree = "<group>"; };
		CFA50C3F1C89169300F39BF9 /* Assets.xcassets */ = {isa = PBXFileReference; lastKnownFileType = folder.assetcatalog; path = Assets.xcassets; sourceTree = "<group>"; };
		CFA50C421C89169300F39BF9 /* Base */ = {isa = PBXFileReference; lastKnownFileType = file.storyboard; name = Base; path = Base.lproj/LaunchScreen.storyboard; sourceTree = "<group>"; };
		CFA50C441C89169300F39BF9 /* Info.plist */ = {isa = PBXFileReference; lastKnownFileType = text.plist.xml; path = Info.plist; sourceTree = "<group>"; };
		CFA50C491C89169300F39BF9 /* ProjectFishUITests.xctest */ = {isa = PBXFileReference; explicitFileType = wrapper.cfbundle; includeInIndex = 0; path = ProjectFishUITests.xctest; sourceTree = BUILT_PRODUCTS_DIR; };
		CFA50C4D1C89169300F39BF9 /* ProjectFishUITests.swift */ = {isa = PBXFileReference; lastKnownFileType = sourcecode.swift; path = ProjectFishUITests.swift; sourceTree = "<group>"; };
		CFA50C4F1C89169300F39BF9 /* Info.plist */ = {isa = PBXFileReference; lastKnownFileType = text.plist.xml; path = Info.plist; sourceTree = "<group>"; };
/* End PBXFileReference section */

/* Begin PBXFrameworksBuildPhase section */
		CFA50C321C89169300F39BF9 /* Frameworks */ = {
			isa = PBXFrameworksBuildPhase;
			buildActionMask = 2147483647;
			files = (
			);
			runOnlyForDeploymentPostprocessing = 0;
		};
		CFA50C461C89169300F39BF9 /* Frameworks */ = {
			isa = PBXFrameworksBuildPhase;
			buildActionMask = 2147483647;
			files = (
			);
			runOnlyForDeploymentPostprocessing = 0;
		};
/* End PBXFrameworksBuildPhase section */

/* Begin PBXGroup section */
		CFA50C2C1C89169300F39BF9 = {
			isa = PBXGroup;
			children = (
				CFA50C371C89169300F39BF9 /* ProjectFish */,
				CFA50C4C1C89169300F39BF9 /* ProjectFishUITests */,
				CFA50C361C89169300F39BF9 /* Products */,
			);
			sourceTree = "<group>";
		};
		CFA50C361C89169300F39BF9 /* Products */ = {
			isa = PBXGroup;
			children = (
				CFA50C351C89169300F39BF9 /* ProjectFish.app */,
				CFA50C491C89169300F39BF9 /* ProjectFishUITests.xctest */,
			);
			name = Products;
			sourceTree = "<group>";
		};
		CFA50C371C89169300F39BF9 /* ProjectFish */ = {
			isa = PBXGroup;
			children = (
				CFA50C381C89169300F39BF9 /* AppDelegate.swift */,
				CFA50C3A1C89169300F39BF9 /* ViewController.swift */,
				CFA50C3C1C89169300F39BF9 /* Main.storyboard */,
				CFA50C3F1C89169300F39BF9 /* Assets.xcassets */,
				CFA50C411C89169300F39BF9 /* LaunchScreen.storyboard */,
				CFA50C441C89169300F39BF9 /* Info.plist */,
			);
			path = ProjectFish;
			sourceTree = "<group>";
		};
		CFA50C4C1C89169300F39BF9 /* ProjectFishUITests */ = {
			isa = PBXGroup;
			children = (
				CFA50C4D1C89169300F39BF9 /* ProjectFishUITests.swift */,
				CFA50C4F1C89169300F39BF9 /* Info.plist */,
			);
			path = ProjectFishUITests;
			sourceTree = "<group>";
		};
/* End PBXGroup section */

/* Begin PBXNativeTarget section */
		CFA50C341C89169300F39BF9 /* ProjectFish */ = {
			isa = PBXNativeTarget;
			buildConfigurationList = CFA50C521C89169300F39BF9 /* Build configuration list for PBXNativeTarget "ProjectFish" */;
			buildPhases = (
				CFA50C311C89169300F39BF9 /* Sources */,
				CFA50C321C89169300F39BF9 /* Frameworks */,
				CFA50C331C89169300F39BF9 /* Resources */,
			);
			buildRules = (
			);
			dependencies = (
			);
			name = ProjectFish;
			productName = ProjectFish;
			productReference = CFA50C351C89169300F39BF9 /* ProjectFish.app */;
			productType = "com.apple.product-type.application";
		};
		CFA50C481C89169300F39BF9 /* ProjectFishUITests */ = {
			isa = PBXNativeTarget;
			buildConfigurationList = CFA50C551C89169300F39BF9 /* Build configuration list for PBXNativeTarget "ProjectFishUITests" */;
			buildPhases = (
				CFA50C451C89169300F39BF9 /* Sources */,
				CFA50C461C89169300F39BF9 /* Frameworks */,
				CFA50C471C89169300F39BF9 /* Resources */,
			);
			buildRules = (
			);
			dependencies = (
				CFA50C4B1C89169300F39BF9 /* PBXTargetDependency */,
			);
			name = ProjectFishUITests;
			productName = ProjectFishUITests;
			productReference = CFA50C491C89169300F39BF9 /* ProjectFishUITests.xctest */;
			productType = "com.apple.product-type.bundle.ui-testing";
		};
/* End PBXNativeTarget section */

/* Begin PBXProject section */
		CFA50C2D1C89169300F39BF9 /* Project object */ = {
			isa = PBXProject;
			attributes = {
				LastSwiftUpdateCheck = 0710;
				LastUpgradeCheck = 0710;
				ORGANIZATIONNAME = fish;
				TargetAttributes = {
					CFA50C341C89169300F39BF9 = {
						CreatedOnToolsVersion = 7.1.1;
					};
					CFA50C481C89169300F39BF9 = {
						CreatedOnToolsVersion = 7.1.1;
						TestTargetID = CFA50C341C89169300F39BF9;
					};
				};
			};
			buildConfigurationList = CFA50C301C89169300F39BF9 /* Build configuration list for PBXProject "ProjectFish" */;
			compatibilityVersion = "Xcode 3.2";
			developmentRegion = English;
			hasScannedForEncodings = 0;
			knownRegions = (
				en,
				Base,
			);
			mainGroup = CFA50C2C1C89169300F39BF9;
			productRefGroup = CFA50C361C89169300F39BF9 /* Products */;
			projectDirPath = "";
			projectRoot = "";
			targets = (
				CFA50C341C89169300F39BF9 /* ProjectFish */,
				CFA50C481C89169300F39BF9 /* ProjectFishUITests */,
			);
		};
/* End PBXProject section */

/* Begin PBXResourcesBuildPhase section */
		CFA50C331C89169300F39BF9 /* Resources */ = {
			isa = PBXResourcesBuildPhase;
			buildActionMask = 2147483647;
			files = (
				CFA50C431C89169300F39BF9 /* LaunchScreen.storyboard in Resources */,
				CFA50C401C89169300F39BF9 /* Assets.xcassets in Resources */,
				CFA50C3E1C89169300F39BF9 /* Main.storyboard in Resources */,
			);
			runOnlyForDeploymentPostprocessing = 0;
		};
		CFA50C471C89169300F39BF9 /* Resources */ = {
			isa = PBXResourcesBuildPhase;
			buildActionMask = 2147483647;
			files = (
			);
			runOnlyForDeploymentPostprocessing = 0;
		};
/* End PBXResourcesBuildPhase section */

/* Begin PBXSourcesBuildPhase section */
		CFA50C311C89169300F39BF9 /* Sources */ = {
			isa = PBXSourcesBuildPhase;
			buildActionMask = 2147483647;
			files = (
				CFA50C3B1C89169300F39BF9 /* ViewController.swift in Sources */,
				CFA50C391C89169300F39BF9 /* AppDelegate.swift in Sources */,
			);
			runOnlyForDeploymentPostprocessing = 0;
		};
		CFA50C451C89169300F39BF9 /* Sources */ = {
			isa = PBXSourcesBuildPhase;
			buildActionMask = 2147483647;
			files = (
				CFA50C4E1C89169300F39BF9 /* ProjectFishUITests.swift in Sources */,
			);
			runOnlyForDeploymentPostprocessing = 0;
		};
/* End PBXSourcesBuildPhase section */

/* Begin PBXTargetDependency section */
		CFA50C4B1C89169300F39BF9 /* PBXTargetDependency */ = {
			isa = PBXTargetDependency;
			target = CFA50C341C89169300F39BF9 /* ProjectFish */;
			targetProxy = CFA50C4A1C89169300F39BF9 /* PBXContainerItemProxy */;
		};
/* End PBXTargetDependency section */

/* Begin PBXVariantGroup section */
		CFA50C3C1C89169300F39BF9 /* Main.storyboard */ = {
			isa = PBXVariantGroup;
			children = (
				CFA50C3D1C89169300F39BF9 /* Base */,
			);
			name = Main.storyboard;
			sourceTree = "<group>";
		};
		CFA50C411C89169300F39BF9 /* LaunchScreen.storyboard */ = {
			isa = PBXVariantGroup;
			children = (
				CFA50C421C89169300F39BF9 /* Base */,
			);
			name = LaunchScreen.storyboard;
			sourceTree = "<group>";
		};
/* End PBXVariantGroup section */

/* Begin XCBuildConfiguration section */
		CFA50C501C89169300F39BF9 /* Debug */ = {
			isa = XCBuildConfiguration;
			buildSettings = {
				ALWAYS_SEARCH_USER_PATHS = NO;
				CLANG_CXX_LANGUAGE_STANDARD = "gnu++0x";
				CLANG_CXX_LIBRARY = "libc++";
				CLANG_ENABLE_MODULES = YES;
				CLANG_ENABLE_OBJC_ARC = YES;
				CLANG_WARN_BOOL_CONVERSION = YES;
				CLANG_WARN_CONSTANT_CONVERSION = YES;
				CLANG_WARN_DIRECT_OBJC_ISA_USAGE = YES_ERROR;
				CLANG_WARN_EMPTY_BODY = YES;
				CLANG_WARN_ENUM_CONVERSION = YES;
				CLANG_WARN_INT_CONVERSION = YES;
				CLANG_WARN_OBJC_ROOT_CLASS = YES_ERROR;
				CLANG_WARN_UNREACHABLE_CODE = YES;
				CLANG_WARN__DUPLICATE_METHOD_MATCH = YES;
				"CODE_SIGN_IDENTITY[sdk=iphoneos*]" = "iPhone Developer";
				COPY_PHASE_STRIP = NO;
				DEBUG_INFORMATION_FORMAT = dwarf;
				ENABLE_STRICT_OBJC_MSGSEND = YES;
				ENABLE_TESTABILITY = YES;
				GCC_C_LANGUAGE_STANDARD = gnu99;
				GCC_DYNAMIC_NO_PIC = NO;
				GCC_NO_COMMON_BLOCKS = YES;
				GCC_OPTIMIZATION_LEVEL = 0;
				GCC_PREPROCESSOR_DEFINITIONS = (
					"DEBUG=1",
					"$(inherited)",
				);
				GCC_WARN_64_TO_32_BIT_CONVERSION = YES;
				GCC_WARN_ABOUT_RETURN_TYPE = YES_ERROR;
				GCC_WARN_UNDECLARED_SELECTOR = YES;
				GCC_WARN_UNINITIALIZED_AUTOS = YES_AGGRESSIVE;
				GCC_WARN_UNUSED_FUNCTION = YES;
				GCC_WARN_UNUSED_VARIABLE = YES;
				IPHONEOS_DEPLOYMENT_TARGET = 9.1;
				MTL_ENABLE_DEBUG_INFO = YES;
				ONLY_ACTIVE_ARCH = YES;
				SDKROOT = iphoneos;
				SWIFT_OPTIMIZATION_LEVEL = "-Onone";
			};
			name = Debug;
		};
		CFA50C511C89169300F39BF9 /* Release */ = {
			isa = XCBuildConfiguration;
			buildSettings = {
				ALWAYS_SEARCH_USER_PATHS = NO;
				CLANG_CXX_LANGUAGE_STANDARD = "gnu++0x";
				CLANG_CXX_LIBRARY = "libc++";
				CLANG_ENABLE_MODULES = YES;
				CLANG_ENABLE_OBJC_ARC = YES;
				CLANG_WARN_BOOL_CONVERSION = YES;
				CLANG_WARN_CONSTANT_CONVERSION = YES;
				CLANG_WARN_DIRECT_OBJC_ISA_USAGE = YES_ERROR;
				CLANG_WARN_EMPTY_BODY = YES;
				CLANG_WARN_ENUM_CONVERSION = YES;
				CLANG_WARN_INT_CONVERSION = YES;
				CLANG_WARN_OBJC_ROOT_CLASS = YES_ERROR;
				CLANG_WARN_UNREACHABLE_CODE = YES;
				CLANG_WARN__DUPLICATE_METHOD_MATCH = YES;
				"CODE_SIGN_IDENTITY[sdk=iphoneos*]" = "iPhone Developer";
				COPY_PHASE_STRIP = NO;
				DEBUG_INFORMATION_FORMAT = "dwarf-with-dsym";
				ENABLE_NS_ASSERTIONS = NO;
				ENABLE_STRICT_OBJC_MSGSEND = YES;
				GCC_C_LANGUAGE_STANDARD = gnu99;
				GCC_NO_COMMON_BLOCKS = YES;
				GCC_WARN_64_TO_32_BIT_CONVERSION = YES;
				GCC_WARN_ABOUT_RETURN_TYPE = YES_ERROR;
				GCC_WARN_UNDECLARED_SELECTOR = YES;
				GCC_WARN_UNINITIALIZED_AUTOS = YES_AGGRESSIVE;
				GCC_WARN_UNUSED_FUNCTION = YES;
				GCC_WARN_UNUSED_VARIABLE = YES;
				IPHONEOS_DEPLOYMENT_TARGET = 9.1;
				MTL_ENABLE_DEBUG_INFO = NO;
				SDKROOT = iphoneos;
				VALIDATE_PRODUCT = YES;
			};
			name = Release;
		};
		CFA50C531C89169300F39BF9 /* Debug */ = {
			isa = XCBuildConfiguration;
			buildSettings = {
				ASSETCATALOG_COMPILER_APPICON_NAME = AppIcon;
				INFOPLIST_FILE = ProjectFish/Info.plist;
				LD_RUNPATH_SEARCH_PATHS = "$(inherited) @executable_path/Frameworks";
				PRODUCT_BUNDLE_IDENTIFIER = fish.ProjectFish;
				PRODUCT_NAME = "$(TARGET_NAME)";
			};
			name = Debug;
		};
		CFA50C541C89169300F39BF9 /* Release */ = {
			isa = XCBuildConfiguration;
			buildSettings = {
				ASSETCATALOG_COMPILER_APPICON_NAME = AppIcon;
				INFOPLIST_FILE = ProjectFish/Info.plist;
				LD_RUNPATH_SEARCH_PATHS = "$(inherited) @executable_path/Frameworks";
				PRODUCT_BUNDLE_IDENTIFIER = fish.ProjectFish;
				PRODUCT_NAME = "$(TARGET_NAME)";
			};
			name = Release;
		};
		CFA50C561C89169300F39BF9 /* Debug */ = {
			isa = XCBuildConfiguration;
			buildSettings = {
				INFOPLIST_FILE = ProjectFishUITests/Info.plist;
				LD_RUNPATH_SEARCH_PATHS = "$(inherited) @executable_path/Frameworks @loader_path/Frameworks";
				PRODUCT_BUNDLE_IDENTIFIER = fish.ProjectFishUITests;
				PRODUCT_NAME = "$(TARGET_NAME)";
				TEST_TARGET_NAME = ProjectFish;
				USES_XCTRUNNER = YES;
			};
			name = Debug;
		};
		CFA50C571C89169300F39BF9 /* Release */ = {
			isa = XCBuildConfiguration;
			buildSettings = {
				INFOPLIST_FILE = ProjectFishUITests/Info.plist;
				LD_RUNPATH_SEARCH_PATHS = "$(inherited) @executable_path/Frameworks @loader_path/Frameworks";
				PRODUCT_BUNDLE_IDENTIFIER = fish.ProjectFishUITests;
				PRODUCT_NAME = "$(TARGET_NAME)";
				TEST_TARGET_NAME = ProjectFish;
				USES_XCTRUNNER = YES;
			};
			name = Release;
		};
/* End XCBuildConfiguration section */

/* Begin XCConfigurationList section */
		CFA50C301C89169300F39BF9 /* Build configuration list for PBXProject "ProjectFish" */ = {
			isa = XCConfigurationList;
			buildConfigurations = (
				CFA50C501C89169300F39BF9 /* Debug */,
				CFA50C511C89169300F39BF9 /* Release */,
			);
			defaultConfigurationIsVisible = 0;
			defaultConfigurationName = Release;
		};
		CFA50C521C89169300F39BF9 /* Build configuration list for PBXNativeTarget "ProjectFish" */ = {
			isa = XCConfigurationList;
			buildConfigurations = (
				CFA50C531C89169300F39BF9 /* Debug */,
				CFA50C541C89169300F39BF9 /* Release */,
			);
			defaultConfigurationIsVisible = 0;
		};
		CFA50C551C89169300F39BF9 /* Build configuration list for PBXNativeTarget "ProjectFishUITests" */ = {
			isa = XCConfigurationList;
			buildConfigurations = (
				CFA50C561C89169300F39BF9 /* Debug */,
				CFA50C571C89169300F39BF9 /* Release */,
			);
			defaultConfigurationIsVisible = 0;
		};
/* End XCConfigurationList section */
	};
	rootObject = CFA50C2D1C89169300F39BF9 /* Project object */;
}
